{
  "originHash" : "957d835899eb7a0d48ec57acd7417ecab79979b1a1e681a353597713f7cc9c42",
  "pins" : [
    {
      "identity" : "grdb.swift",
      "kind" : "remoteSourceControl",
      "location" : "https://github.com/groue/GRDB.swift",
      "state" : {
        "branch" : "master",
        "revision" : "a5a1be26b4513dc7ec360eb56bc08a345bac6649"
      }
    },
    {
      "identity" : "kingfisher",
      "kind" : "remoteSourceControl",
      "location" : "https://github.com/onevcat/Kingfisher.git",
      "state" : {
        "revision" : "ef40458c27ccc65aec62c0cc65da296e07264ffd",
        "version" : "8.4.0"
      }
    }
  ],
  "version" : 3
}
